Microsoft Visual Studio Solution File, Format Version 12.00
# Visual Studio Version 17
Project("{FAE04EC0-301F-11D3-BF4B-00C04F79EFBC}") = "Jellyfin.Plugin.WeTrakr", "Jellyfin.Plugin.WeTrakr\Jellyfin.Plugin.WeTrakr.csproj", "{B6A7F3E2-1A8C-4D7B-A9F0-3E5E1F2C4A01}"
EndProject
Global
	GlobalSection(SolutionConfigurationPlatforms) = preSolution
		Debug|Any CPU = Debug|Any CPU
		Release|Any CPU = Release|Any CPU
	EndGlobalSection
	GlobalSection(ProjectConfigurationPlatforms) = postSolution
		{B6A7F3E2-1A8C-4D7B-A9F0-3E5E1F2C4A01}.Debug|Any CPU.ActiveCfg = Debug|Any CPU
		{B6A7F3E2-1A8C-4D7B-A9F0-3E5E1F2C4A01}.Debug|Any CPU.Build.0 = Debug|Any CPU
		{B6A7F3E2-1A8C-4D7B-A9F0-3E5E1F2C4A01}.Release|Any CPU.ActiveCfg = Release|Any CPU
		{B6A7F3E2-1A8C-4D7B-A9F0-3E5E1F2C4A01}.Release|Any CPU.Build.0 = Release|Any CPU
	EndGlobalSection
EndGlobal
